{
  "nodes": {
    "nextcloud-vue": {
      "flake": false,
      "locked": {
        "lastModified": 1773992274,
        "narHash": "sha256-7LOwIeB7+VV9zrMYBHc8A2WjpfMaGWWjcalaNYg9FWw=",
        "owner": "nextcloud-libraries",
        "repo": "nextcloud-vue",
        "rev": "842ce2c9d47c33e73cc5c0474494098e862a1b0f",
        "type": "github"
      },
      "original": {
        "owner": "nextcloud-libraries",
        "repo": "nextcloud-vue",
        "type": "github"
      }
    },
    "nixpkgs": {
      "locked": {
        "lastModified": 1771848320,
        "narHash": "sha256-0MAd+0mun3K/Ns8JATeHT1sX28faLII5hVLq0L3BdZU=",
        "owner": "NixOS",
        "repo": "nixpkgs",
        "rev": "2fc6539b481e1d2569f25f8799236694180c0993",
        "type": "github"
      },
      "original": {
        "owner": "NixOS",
        "ref": "nixpkgs-unstable",
        "repo": "nixpkgs",
        "type": "github"
      }
    },
    "openspec": {
      "inputs": {
        "nixpkgs": [
          "nixpkgs"
        ]
      },
      "locked": {
        "lastModified": 1772182342,
        "narHash": "sha256-9Q0iUyZGcDPLdgvnrBN3GumV8g9akV8TFb8bFkD1yYs=",
        "owner": "Fission-AI",
        "repo": "OpenSpec",
        "rev": "afdca0d5dab1aa109cfd8848b2512333ccad60c3",
        "type": "github"
      },
      "original": {
        "owner": "Fission-AI",
        "repo": "OpenSpec",
        "type": "github"
      }
    },
    "root": {
      "inputs": {
        "nextcloud-vue": "nextcloud-vue",
        "nixpkgs": "nixpkgs",
        "openspec": "openspec",
        "utils": "utils"
      }
    },
    "systems": {
      "locked": {
        "lastModified": 1681028828,
        "narHash": "sha256-Vy1rq5AaRuLzOxct8nz4T6wlgyUR7zLU309k9mBC768=",
        "owner": "nix-systems",
        "repo": "default",
        "rev": "da67096a3b9bf56a91d16901293e51ba5b49a27e",
        "type": "github"
      },
      "original": {
        "owner": "nix-systems",
        "repo": "default",
        "type": "github"
      }
    },
    "utils": {
      "inputs": {
        "systems": "systems"
      },
      "locked": {
        "lastModified": 1731533236,
        "narHash": "sha256-l0KFg5HjrsfsO/JpG+r7fRrqm12kzFHyUHqHCVpMMbI=",
        "owner": "numtide",
        "repo": "flake-utils",
        "rev": "11707dc2f618dd54ca8739b309ec4fc024de578b",
        "type": "github"
      },
      "original": {
        "owner": "numtide",
        "repo": "flake-utils",
        "type": "github"
      }
    }
  },
  "root": "root",
  "version": 7
}
